
Microsoft Visual Studio Solution File, Format Version 12.00
# Visual Studio Version 17
VisualStudioVersion = 17.3.32901.215
MinimumVisualStudioVersion = 10.0.40219.1
Project("{FAE04EC0-301F-11D3-BF4B-00C04F79EFBC}") = "admcloudcsharpsample", "admcloudcsharpsample\admcloudcsharpsample.csproj", "{8E6C8D2A-0A10-4F4C-A2A8-056B50A0C561}"
EndProject
Global
	GlobalSection(SolutionConfigurationPlatforms) = preSolution
		Debug|Any CPU = Debug|Any CPU
		Release|Any CPU = Release|Any CPU
	EndGlobalSection
	GlobalSection(ProjectConfigurationPlatforms) = postSolution
		{8E6C8D2A-0A10-4F4C-A2A8-056B50A0C561}.Debug|Any CPU.ActiveCfg = Debug|Any CPU
		{8E6C8D2A-0A10-4F4C-A2A8-056B50A0C561}.Debug|Any CPU.Build.0 = Debug|Any CPU
		{8E6C8D2A-0A10-4F4C-A2A8-056B50A0C561}.Release|Any CPU.ActiveCfg = Release|Any CPU
		{8E6C8D2A-0A10-4F4C-A2A8-056B50A0C561}.Release|Any CPU.Build.0 = Release|Any CPU
	EndGlobalSection
	GlobalSection(SolutionProperties) = preSolution
		HideSolutionNode = FALSE
	EndGlobalSection
	GlobalSection(ExtensibilityGlobals) = postSolution
		SolutionGuid = {5A6D711F-95FF-449B-A547-816ACD1700DA}
	EndGlobalSection
EndGlobal
